
Microsoft Visual Studio Solution File, Format Version 12.00
# Visual Studio Version 17
VisualStudioVersion = 17.1.32210.238
MinimumVisualStudioVersion = 10.0.40219.1
Project("{FAE04EC0-301F-11D3-BF4B-00C04F79EFBC}") = "Practice28-1", "Practice28-1.csproj", "{109AEDBE-C0E1-41A2-9A28-170BC661573B}"
EndProject
Global
	GlobalSection(SolutionConfigurationPlatforms) = preSolution
		Debug|Any CPU = Debug|Any CPU
		Release|Any CPU = Release|Any CPU
	EndGlobalSection
	GlobalSection(ProjectConfigurationPlatforms) = postSolution
		{109AEDBE-C0E1-41A2-9A28-170BC661573B}.Debug|Any CPU.ActiveCfg = Debug|Any CPU
		{109AEDBE-C0E1-41A2-9A28-170BC661573B}.Debug|Any CPU.Build.0 = Debug|Any CPU
		{109AEDBE-C0E1-41A2-9A28-170BC661573B}.Release|Any CPU.ActiveCfg = Release|Any CPU
		{109AEDBE-C0E1-41A2-9A28-170BC661573B}.Release|Any CPU.Build.0 = Release|Any CPU
	EndGlobalSection
	GlobalSection(SolutionProperties) = preSolution
		HideSolutionNode = FALSE
	EndGlobalSection
	GlobalSection(ExtensibilityGlobals) = postSolution
		SolutionGuid = {E058E33F-FFAF-4367-87B9-AC29E96B6B10}
	EndGlobalSection
EndGlobal
